
Microsoft Visual Studio Solution File, Format Version 12.00
# Visual Studio 15
VisualStudioVersion = 15.0.27428.2002
MinimumVisualStudioVersion = 10.0.40219.1
Project("{FAE04EC0-301F-11D3-BF4B-00C04F79EFBC}") = "T3-2-4", "T3-2-4\T3-2-4.csproj", "{29C0C725-4AF2-4B2A-8CA4-3E0C8B2C4FA3}"
EndProject
Project("{FAE04EC0-301F-11D3-BF4B-00C04F79EFBC}") = "T4-3-1", "T4-3-1\T4-3-1.csproj", "{71DBB1F8-05D6-4A12-B290-5DB7DC33B9BC}"
EndProject
Project("{FAE04EC0-301F-11D3-BF4B-00C04F79EFBC}") = "T4-2-5", "T4-2-5\T4-2-5.csproj", "{B3E630DD-2ED9-4B04-BD39-4FAE1B0BB202}"
EndProject
Project("{FAE04EC0-301F-11D3-BF4B-00C04F79EFBC}") = "T4-3-2", "T4-3-2\T4-3-2.csproj", "{BA5CB0B2-B4F0-445C-987A-C06EA1CC2202}"
EndProject
Project("{FAE04EC0-301F-11D3-BF4B-00C04F79EFBC}") = "T5-3-3", "T5-3-3\T5-3-3.csproj", "{80E1B321-284B-4626-AB82-AA6247D0EE7E}"
EndProject
Project("{FAE04EC0-301F-11D3-BF4B-00C04F79EFBC}") = "T5-3-4", "T5-3-4\T5-3-4.csproj", "{2D8E0623-E4F5-46F4-9962-CEB3606FB9FB}"
EndProject
Project("{FAE04EC0-301F-11D3-BF4B-00C04F79EFBC}") = "T5-3-5", "T5-3-5\T5-3-5.csproj", "{E6DCB843-777E-4C01-AA66-AA9417D86BE8}"
EndProject
Project("{FAE04EC0-301F-11D3-BF4B-00C04F79EFBC}") = "T6-4-1", "T6-4-1\T6-4-1.csproj", "{AA1BC3DF-F6B2-4CC9-B773-17E9203CE823}"
EndProject
Project("{FAE04EC0-301F-11D3-BF4B-00C04F79EFBC}") = "T6-4-2", "T6-4-2\T6-4-2.csproj", "{D61C7AA4-128D-435D-AB0B-47723A973770}"
EndProject
Project("{FAE04EC0-301F-11D3-BF4B-00C04F79EFBC}") = "T6-4-3", "T6-4-3\T6-4-3.csproj", "{474175A0-7766-46FA-A4C6-0B6BB76585A9}"
EndProject
Project("{FAE04EC0-301F-11D3-BF4B-00C04F79EFBC}") = "T6-4-4", "T6-4-4\T6-4-4.csproj", "{F6ADF621-FA0A-44B7-B968-9FC2E08B8841}"
EndProject
Project("{FAE04EC0-301F-11D3-BF4B-00C04F79EFBC}") = "T6-4-5", "T6-4-5\T6-4-5.csproj", "{87780BB1-AABA-46E5-8200-FDF03692B6C6}"
EndProject
Project("{FAE04EC0-301F-11D3-BF4B-00C04F79EFBC}") = "T6-4-6", "T6-4-6\T6-4-6.csproj", "{71420609-BDD2-4977-9E0C-F7FEAD9E5AB7}"
EndProject
Project("{FAE04EC0-301F-11D3-BF4B-00C04F79EFBC}") = "T6-4-7", "T6-4-7\T6-4-7.csproj", "{DBC99A62-2AA2-4655-87B1-1272FDB3E72F}"
EndProject
Project("{FAE04EC0-301F-11D3-BF4B-00C04F79EFBC}") = "T6-4-8", "T6-4-8\T6-4-8.csproj", "{97D3155A-CF5C-4AD8-8726-7FCC69CAF715}"
EndProject
Project("{FAE04EC0-301F-11D3-BF4B-00C04F79EFBC}") = "T7-5-1", "T7-5-1\T7-5-1.csproj", "{21A93B43-9F41-441F-BC92-893AA3DE0505}"
EndProject
Project("{FAE04EC0-301F-11D3-BF4B-00C04F79EFBC}") = "T7-5-2", "T7-5-2\T7-5-2.csproj", "{0F6D2C48-6B39-4996-9A47-E78505A2C8AF}"
EndProject
Project("{FAE04EC0-301F-11D3-BF4B-00C04F79EFBC}") = "T7-5-3", "T7-5-3\T7-5-3.csproj", "{4482D3B3-0521-4272-8B8B-E1BAAC175845}"
EndProject
Global
	GlobalSection(SolutionConfigurationPlatforms) = preSolution
		Debug|Any CPU = Debug|Any CPU
		Release|Any CPU = Release|Any CPU
	EndGlobalSection
	GlobalSection(ProjectConfigurationPlatforms) = postSolution
		{29C0C725-4AF2-4B2A-8CA4-3E0C8B2C4FA3}.Debug|Any CPU.ActiveCfg = Debug|Any CPU
		{29C0C725-4AF2-4B2A-8CA4-3E0C8B2C4FA3}.Debug|Any CPU.Build.0 = Debug|Any CPU
		{29C0C725-4AF2-4B2A-8CA4-3E0C8B2C4FA3}.Release|Any CPU.ActiveCfg = Release|Any CPU
		{29C0C725-4AF2-4B2A-8CA4-3E0C8B2C4FA3}.Release|Any CPU.Build.0 = Release|Any CPU
		{71DBB1F8-05D6-4A12-B290-5DB7DC33B9BC}.Debug|Any CPU.ActiveCfg = Debug|Any CPU
		{71DBB1F8-05D6-4A12-B290-5DB7DC33B9BC}.Debug|Any CPU.Build.0 = Debug|Any CPU
		{71DBB1F8-05D6-4A12-B290-5DB7DC33B9BC}.Release|Any CPU.ActiveCfg = Release|Any CPU
		{71DBB1F8-05D6-4A12-B290-5DB7DC33B9BC}.Release|Any CPU.Build.0 = Release|Any CPU
		{B3E630DD-2ED9-4B04-BD39-4FAE1B0BB202}.Debug|Any CPU.ActiveCfg = Debug|Any CPU
		{B3E630DD-2ED9-4B04-BD39-4FAE1B0BB202}.Debug|Any CPU.Build.0 = Debug|Any CPU
		{B3E630DD-2ED9-4B04-BD39-4FAE1B0BB202}.Release|Any CPU.ActiveCfg = Release|Any CPU
		{B3E630DD-2ED9-4B04-BD39-4FAE1B0BB202}.Release|Any CPU.Build.0 = Release|Any CPU
		{BA5CB0B2-B4F0-445C-987A-C06EA1CC2202}.Debug|Any CPU.ActiveCfg = Debug|Any CPU
		{BA5CB0B2-B4F0-445C-987A-C06EA1CC2202}.Debug|Any CPU.Build.0 = Debug|Any CPU
		{BA5CB0B2-B4F0-445C-987A-C06EA1CC2202}.Release|Any CPU.ActiveCfg = Release|Any CPU
		{BA5CB0B2-B4F0-445C-987A-C06EA1CC2202}.Release|Any CPU.Build.0 = Release|Any CPU
		{80E1B321-284B-4626-AB82-AA6247D0EE7E}.Debug|Any CPU.ActiveCfg = Debug|Any CPU
		{80E1B321-284B-4626-AB82-AA6247D0EE7E}.Debug|Any CPU.Build.0 = Debug|Any CPU
		{80E1B321-284B-4626-AB82-AA6247D0EE7E}.Release|Any CPU.ActiveCfg = Release|Any CPU
		{80E1B321-284B-4626-AB82-AA6247D0EE7E}.Release|Any CPU.Build.0 = Release|Any CPU
		{2D8E0623-E4F5-46F4-9962-CEB3606FB9FB}.Debug|Any CPU.ActiveCfg = Debug|Any CPU
		{2D8E0623-E4F5-46F4-9962-CEB3606FB9FB}.Debug|Any CPU.Build.0 = Debug|Any CPU
		{2D8E0623-E4F5-46F4-9962-CEB3606FB9FB}.Release|Any CPU.ActiveCfg = Release|Any CPU
		{2D8E0623-E4F5-46F4-9962-CEB3606FB9FB}.Release|Any CPU.Build.0 = Release|Any CPU
		{E6DCB843-777E-4C01-AA66-AA9417D86BE8}.Debug|Any CPU.ActiveCfg = Debug|Any CPU
		{E6DCB843-777E-4C01-AA66-AA9417D86BE8}.Debug|Any CPU.Build.0 = Debug|Any CPU
		{E6DCB843-777E-4C01-AA66-AA9417D86BE8}.Release|Any CPU.ActiveCfg = Release|Any CPU
		{E6DCB843-777E-4C01-AA66-AA9417D86BE8}.Release|Any CPU.Build.0 = Release|Any CPU
		{AA1BC3DF-F6B2-4CC9-B773-17E9203CE823}.Debug|Any CPU.ActiveCfg = Debug|Any CPU
		{AA1BC3DF-F6B2-4CC9-B773-17E9203CE823}.Debug|Any CPU.Build.0 = Debug|Any CPU
		{AA1BC3DF-F6B2-4CC9-B773-17E9203CE823}.Release|Any CPU.ActiveCfg = Release|Any CPU
		{AA1BC3DF-F6B2-4CC9-B773-17E9203CE823}.Release|Any CPU.Build.0 = Release|Any CPU
		{D61C7AA4-128D-435D-AB0B-47723A973770}.Debug|Any CPU.ActiveCfg = Debug|Any CPU
		{D61C7AA4-128D-435D-AB0B-47723A973770}.Debug|Any CPU.Build.0 = Debug|Any CPU
		{D61C7AA4-128D-435D-AB0B-47723A973770}.Release|Any CPU.ActiveCfg = Release|Any CPU
		{D61C7AA4-128D-435D-AB0B-47723A973770}.Release|Any CPU.Build.0 = Release|Any CPU
		{474175A0-7766-46FA-A4C6-0B6BB76585A9}.Debug|Any CPU.ActiveCfg = Debug|Any CPU
		{474175A0-7766-46FA-A4C6-0B6BB76585A9}.Debug|Any CPU.Build.0 = Debug|Any CPU
		{474175A0-7766-46FA-A4C6-0B6BB76585A9}.Release|Any CPU.ActiveCfg = Release|Any CPU
		{474175A0-7766-46FA-A4C6-0B6BB76585A9}.Release|Any CPU.Build.0 = Release|Any CPU
		{F6ADF621-FA0A-44B7-B968-9FC2E08B8841}.Debug|Any CPU.ActiveCfg = Debug|Any CPU
		{F6ADF621-FA0A-44B7-B968-9FC2E08B8841}.Debug|Any CPU.Build.0 = Debug|Any CPU
		{F6ADF621-FA0A-44B7-B968-9FC2E08B8841}.Release|Any CPU.ActiveCfg = Release|Any CPU
		{F6ADF621-FA0A-44B7-B968-9FC2E08B8841}.Release|Any CPU.Build.0 = Release|Any CPU
		{87780BB1-AABA-46E5-8200-FDF03692B6C6}.Debug|Any CPU.ActiveCfg = Debug|Any CPU
		{87780BB1-AABA-46E5-8200-FDF03692B6C6}.Debug|Any CPU.Build.0 = Debug|Any CPU
		{87780BB1-AABA-46E5-8200-FDF03692B6C6}.Release|Any CPU.ActiveCfg = Release|Any CPU
		{87780BB1-AABA-46E5-8200-FDF03692B6C6}.Release|Any CPU.Build.0 = Release|Any CPU
		{71420609-BDD2-4977-9E0C-F7FEAD9E5AB7}.Debug|Any CPU.ActiveCfg = Debug|Any CPU
		{71420609-BDD2-4977-9E0C-F7FEAD9E5AB7}.Debug|Any CPU.Build.0 = Debug|Any CPU
		{71420609-BDD2-4977-9E0C-F7FEAD9E5AB7}.Release|Any CPU.ActiveCfg = Release|Any CPU
		{71420609-BDD2-4977-9E0C-F7FEAD9E5AB7}.Release|Any CPU.Build.0 = Release|Any CPU
		{DBC99A62-2AA2-4655-87B1-1272FDB3E72F}.Debug|Any CPU.ActiveCfg = Debug|Any CPU
		{DBC99A62-2AA2-4655-87B1-1272FDB3E72F}.Debug|Any CPU.Build.0 = Debug|Any CPU
		{DBC99A62-2AA2-4655-87B1-1272FDB3E72F}.Release|Any CPU.ActiveCfg = Release|Any CPU
		{DBC99A62-2AA2-4655-87B1-1272FDB3E72F}.Release|Any CPU.Build.0 = Release|Any CPU
		{97D3155A-CF5C-4AD8-8726-7FCC69CAF715}.Debug|Any CPU.ActiveCfg = Debug|Any CPU
		{97D3155A-CF5C-4AD8-8726-7FCC69CAF715}.Debug|Any CPU.Build.0 = Debug|Any CPU
		{97D3155A-CF5C-4AD8-8726-7FCC69CAF715}.Release|Any CPU.ActiveCfg = Release|Any CPU
		{97D3155A-CF5C-4AD8-8726-7FCC69CAF715}.Release|Any CPU.Build.0 = Release|Any CPU
		{21A93B43-9F41-441F-BC92-893AA3DE0505}.Debug|Any CPU.ActiveCfg = Debug|Any CPU
		{21A93B43-9F41-441F-BC92-893AA3DE0505}.Debug|Any CPU.Build.0 = Debug|Any CPU
		{21A93B43-9F41-441F-BC92-893AA3DE0505}.Release|Any CPU.ActiveCfg = Release|Any CPU
		{21A93B43-9F41-441F-BC92-893AA3DE0505}.Release|Any CPU.Build.0 = Release|Any CPU
		{0F6D2C48-6B39-4996-9A47-E78505A2C8AF}.Debug|Any CPU.ActiveCfg = Debug|Any CPU
		{0F6D2C48-6B39-4996-9A47-E78505A2C8AF}.Debug|Any CPU.Build.0 = Debug|Any CPU
		{0F6D2C48-6B39-4996-9A47-E78505A2C8AF}.Release|Any CPU.ActiveCfg = Release|Any CPU
		{0F6D2C48-6B39-4996-9A47-E78505A2C8AF}.Release|Any CPU.Build.0 = Release|Any CPU
		{4482D3B3-0521-4272-8B8B-E1BAAC175845}.Debug|Any CPU.ActiveCfg = Debug|Any CPU
		{4482D3B3-0521-4272-8B8B-E1BAAC175845}.Debug|Any CPU.Build.0 = Debug|Any CPU
		{4482D3B3-0521-4272-8B8B-E1BAAC175845}.Release|Any CPU.ActiveCfg = Release|Any CPU
		{4482D3B3-0521-4272-8B8B-E1BAAC175845}.Release|Any CPU.Build.0 = Release|Any CPU
	EndGlobalSection
	GlobalSection(SolutionProperties) = preSolution
		HideSolutionNode = FALSE
	EndGlobalSection
	GlobalSection(ExtensibilityGlobals) = postSolution
		SolutionGuid = {869E93AE-B10A-4BF9-88A1-B5C32A53DF19}
	EndGlobalSection
EndGlobal
